
Microsoft Visual Studio Solution File, Format Version 12.00
# Visual Studio 2013
VisualStudioVersion = 12.0.40629.0
MinimumVisualStudioVersion = 10.0.40219.1
Project("{FAE04EC0-301F-11D3-BF4B-00C04F79EFBC}") = "Kyo.Entidades", "Entidades\Kyo.Entidades.csproj", "{C1D573E5-93B3-4761-A59D-BDEE37D1DE25}"
EndProject
Project("{FAE04EC0-301F-11D3-BF4B-00C04F79EFBC}") = "webkyo", "webkyo\webkyo.csproj", "{27C32D99-ABD7-4503-82B6-5C10765D7352}"
EndProject
Global
	GlobalSection(SolutionConfigurationPlatforms) = preSolution
		Debug|Any CPU = Debug|Any CPU
		Release|Any CPU = Release|Any CPU
	EndGlobalSection
	GlobalSection(ProjectConfigurationPlatforms) = postSolution
		{C1D573E5-93B3-4761-A59D-BDEE37D1DE25}.Debug|Any CPU.ActiveCfg = Debug|Any CPU
		{C1D573E5-93B3-4761-A59D-BDEE37D1DE25}.Debug|Any CPU.Build.0 = Debug|Any CPU
		{C1D573E5-93B3-4761-A59D-BDEE37D1DE25}.Release|Any CPU.ActiveCfg = Release|Any CPU
		{C1D573E5-93B3-4761-A59D-BDEE37D1DE25}.Release|Any CPU.Build.0 = Release|Any CPU
		{27C32D99-ABD7-4503-82B6-5C10765D7352}.Debug|Any CPU.ActiveCfg = Debug|Any CPU
		{27C32D99-ABD7-4503-82B6-5C10765D7352}.Debug|Any CPU.Build.0 = Debug|Any CPU
		{27C32D99-ABD7-4503-82B6-5C10765D7352}.Release|Any CPU.ActiveCfg = Release|Any CPU
		{27C32D99-ABD7-4503-82B6-5C10765D7352}.Release|Any CPU.Build.0 = Release|Any CPU
	EndGlobalSection
	GlobalSection(SolutionProperties) = preSolution
		HideSolutionNode = FALSE
	EndGlobalSection
EndGlobal
